
Microsoft Visual Studio Solution File, Format Version 12.00
# Visual Studio Version 17
VisualStudioVersion = 17.2.32602.215
MinimumVisualStudioVersion = 10.0.40219.1
Project("{9A19103F-16F7-4668-BE54-9A1E7A4F7556}") = "KitchenClube", "KitchenClube\KitchenClube.csproj", "{128CEEDC-79E4-41B8-9626-E0854E8BA02D}"
EndProject
Project("{2150E333-8FDC-42A3-9474-1A3956D46DE8}") = "Solution Items", "Solution Items", "{DC716122-C235-4E22-9D95-00F49E1965F0}"
	ProjectSection(SolutionItems) = preProject
		.editorconfig = .editorconfig
	EndProjectSection
EndProject
Project("{FAE04EC0-301F-11D3-BF4B-00C04F79EFBC}") = "Test", "Test\Test.csproj", "{378B0430-42E9-4759-87FF-5093D9AF1AB3}"
EndProject
Global
	GlobalSection(SolutionConfigurationPlatforms) = preSolution
		Debug|Any CPU = Debug|Any CPU
		Release|Any CPU = Release|Any CPU
	EndGlobalSection
	GlobalSection(ProjectConfigurationPlatforms) = postSolution
		{128CEEDC-79E4-41B8-9626-E0854E8BA02D}.Debug|Any CPU.ActiveCfg = Debug|Any CPU
		{128CEEDC-79E4-41B8-9626-E0854E8BA02D}.Debug|Any CPU.Build.0 = Debug|Any CPU
		{128CEEDC-79E4-41B8-9626-E0854E8BA02D}.Release|Any CPU.ActiveCfg = Release|Any CPU
		{128CEEDC-79E4-41B8-9626-E0854E8BA02D}.Release|Any CPU.Build.0 = Release|Any CPU
		{378B0430-42E9-4759-87FF-5093D9AF1AB3}.Debug|Any CPU.ActiveCfg = Debug|Any CPU
		{378B0430-42E9-4759-87FF-5093D9AF1AB3}.Debug|Any CPU.Build.0 = Debug|Any CPU
		{378B0430-42E9-4759-87FF-5093D9AF1AB3}.Release|Any CPU.ActiveCfg = Release|Any CPU
		{378B0430-42E9-4759-87FF-5093D9AF1AB3}.Release|Any CPU.Build.0 = Release|Any CPU
	EndGlobalSection
	GlobalSection(SolutionProperties) = preSolution
		HideSolutionNode = FALSE
	EndGlobalSection
	GlobalSection(ExtensibilityGlobals) = postSolution
		SolutionGuid = {44D05CD0-8FFD-4562-9245-6F535131037A}
	EndGlobalSection
EndGlobal
